
Microsoft Visual Studio Solution File, Format Version 12.00
# Visual Studio Version 16
VisualStudioVersion = 16.0.31129.286
MinimumVisualStudioVersion = 10.0.40219.1
Project("{FAE04EC0-301F-11D3-BF4B-00C04F79EFBC}") = "ConsoleApp2", "ConsoleApp2\ConsoleApp2.csproj", "{CF6150FF-7F71-4BF2-AD24-8613985C91E7}"
EndProject
Project("{FAE04EC0-301F-11D3-BF4B-00C04F79EFBC}") = "ConsoleApp2_UnitTests1", "ConsoleApp2_UnitTests1\ConsoleApp2_UnitTests1.csproj", "{AE9493F6-EF07-4358-AC67-313F346F68B9}"
EndProject
Global
	GlobalSection(SolutionConfigurationPlatforms) = preSolution
		Debug|Any CPU = Debug|Any CPU
		Release|Any CPU = Release|Any CPU
	EndGlobalSection
	GlobalSection(ProjectConfigurationPlatforms) = postSolution
		{CF6150FF-7F71-4BF2-AD24-8613985C91E7}.Debug|Any CPU.ActiveCfg = Debug|Any CPU
		{CF6150FF-7F71-4BF2-AD24-8613985C91E7}.Debug|Any CPU.Build.0 = Debug|Any CPU
		{CF6150FF-7F71-4BF2-AD24-8613985C91E7}.Release|Any CPU.ActiveCfg = Release|Any CPU
		{CF6150FF-7F71-4BF2-AD24-8613985C91E7}.Release|Any CPU.Build.0 = Release|Any CPU
		{AE9493F6-EF07-4358-AC67-313F346F68B9}.Debug|Any CPU.ActiveCfg = Debug|Any CPU
		{AE9493F6-EF07-4358-AC67-313F346F68B9}.Debug|Any CPU.Build.0 = Debug|Any CPU
		{AE9493F6-EF07-4358-AC67-313F346F68B9}.Release|Any CPU.ActiveCfg = Release|Any CPU
		{AE9493F6-EF07-4358-AC67-313F346F68B9}.Release|Any CPU.Build.0 = Release|Any CPU
	EndGlobalSection
	GlobalSection(SolutionProperties) = preSolution
		HideSolutionNode = FALSE
	EndGlobalSection
	GlobalSection(ExtensibilityGlobals) = postSolution
		SolutionGuid = {5A1A301D-B976-46CC-B30F-9305C3EDAECC}
	EndGlobalSection
EndGlobal
